{
  "name": "policy-treasury",
  "version": "0.1.0",
  "lockfileVersion": 3,
  "requires": true,
  "packages": {
    "": {
      "name": "policy-treasury",
      "version": "0.1.0",
      "dependencies": {
        "@bsv/sdk": "^2.4.0"
      }
    },
    "node_modules/@bsv/sdk": {
      "version": "2.4.0",
      "resolved": "https://registry.npmjs.org/@bsv/sdk/-/sdk-2.4.0.tgz",
      "integrity": "sha512-ltAwEzDYB/NNeP8+UaOdXXqBvMWK8gmYF3tava781DaN4W7J4d5as6hxU95H6do1E5H/GYA7cx9FNdZtwQ7+tg==",
      "license": "SEE LICENSE IN LICENSE.txt",
      "engines": {
        "node": ">=22"
      }
    }
  }
}
